
Microsoft Visual Studio Solution File, Format Version 12.00
# Visual Studio 15
VisualStudioVersion = 15.0.27130.2020
MinimumVisualStudioVersion = 10.0.40219.1
Project("{9A19103F-16F7-4668-BE54-9A1E7A4F7556}") = "ApplicationCore", "ApplicationCore\ApplicationCore.csproj", "{AF745DC0-51E7-4933-8D94-D59133D37B70}"
EndProject
Project("{9A19103F-16F7-4668-BE54-9A1E7A4F7556}") = "Infrastructure", "Infrastructure\Infrastructure.csproj", "{90038A19-E3E3-4C5C-BFDF-E7620B30AE86}"
EndProject
Project("{9A19103F-16F7-4668-BE54-9A1E7A4F7556}") = "Web", "Web\Web.csproj", "{55DB7E1B-C5D0-4E18-B8E0-CDE11F34A042}"
EndProject
Global
	GlobalSection(SolutionConfigurationPlatforms) = preSolution
		Debug|Any CPU = Debug|Any CPU
		Release|Any CPU = Release|Any CPU
	EndGlobalSection
	GlobalSection(ProjectConfigurationPlatforms) = postSolution
		{AF745DC0-51E7-4933-8D94-D59133D37B70}.Debug|Any CPU.ActiveCfg = Debug|Any CPU
		{AF745DC0-51E7-4933-8D94-D59133D37B70}.Debug|Any CPU.Build.0 = Debug|Any CPU
		{AF745DC0-51E7-4933-8D94-D59133D37B70}.Release|Any CPU.ActiveCfg = Release|Any CPU
		{AF745DC0-51E7-4933-8D94-D59133D37B70}.Release|Any CPU.Build.0 = Release|Any CPU
		{90038A19-E3E3-4C5C-BFDF-E7620B30AE86}.Debug|Any CPU.ActiveCfg = Debug|Any CPU
		{90038A19-E3E3-4C5C-BFDF-E7620B30AE86}.Debug|Any CPU.Build.0 = Debug|Any CPU
		{90038A19-E3E3-4C5C-BFDF-E7620B30AE86}.Release|Any CPU.ActiveCfg = Release|Any CPU
		{90038A19-E3E3-4C5C-BFDF-E7620B30AE86}.Release|Any CPU.Build.0 = Release|Any CPU
		{55DB7E1B-C5D0-4E18-B8E0-CDE11F34A042}.Debug|Any CPU.ActiveCfg = Debug|Any CPU
		{55DB7E1B-C5D0-4E18-B8E0-CDE11F34A042}.Debug|Any CPU.Build.0 = Debug|Any CPU
		{55DB7E1B-C5D0-4E18-B8E0-CDE11F34A042}.Release|Any CPU.ActiveCfg = Release|Any CPU
		{55DB7E1B-C5D0-4E18-B8E0-CDE11F34A042}.Release|Any CPU.Build.0 = Release|Any CPU
	EndGlobalSection
	GlobalSection(SolutionProperties) = preSolution
		HideSolutionNode = FALSE
	EndGlobalSection
	GlobalSection(ExtensibilityGlobals) = postSolution
		SolutionGuid = {E4614218-3FAD-4D52-AE14-EB6B2546535B}
	EndGlobalSection
EndGlobal
